
Microsoft Visual Studio Solution File, Format Version 11.00
# Visual Studio 2010
Project("{FAE04EC0-301F-11D3-BF4B-00C04F79EFBC}") = "WIFPd_MWPDU", "WIFPd_MWPDU.csproj", "{B44A0088-82FB-499C-B09F-4C831F959AAD}"
EndProject
Global
	GlobalSection(TeamFoundationVersionControl) = preSolution
		SccNumberOfProjects = 2
		SccEnterpriseProvider = {4CA58AB2-18FA-4F8D-95D4-32DDF27D184C}
		SccTeamFoundationServer = http://182.50.9.129:8080/tfs/%e5%95%86%e4%b8%9a%e9%a1%b9%e7%9b%ae
		SccLocalPath0 = .
		SccProjectUniqueName1 = WIFPd_MWPDU.csproj
		SccLocalPath1 = .
	EndGlobalSection
	GlobalSection(SolutionConfigurationPlatforms) = preSolution
		Debug|Any CPU = Debug|Any CPU
		Debug|Mixed Platforms = Debug|Mixed Platforms
		Debug|x86 = Debug|x86
		Release|Any CPU = Release|Any CPU
		Release|Mixed Platforms = Release|Mixed Platforms
		Release|x86 = Release|x86
	EndGlobalSection
	GlobalSection(ProjectConfigurationPlatforms) = postSolution
		{B44A0088-82FB-499C-B09F-4C831F959AAD}.Debug|Any CPU.ActiveCfg = Debug|Any CPU
		{B44A0088-82FB-499C-B09F-4C831F959AAD}.Debug|Any CPU.Build.0 = Debug|Any CPU
		{B44A0088-82FB-499C-B09F-4C831F959AAD}.Debug|Mixed Platforms.ActiveCfg = Debug|Any CPU
		{B44A0088-82FB-499C-B09F-4C831F959AAD}.Debug|Mixed Platforms.Build.0 = Debug|Any CPU
		{B44A0088-82FB-499C-B09F-4C831F959AAD}.Debug|x86.ActiveCfg = Debug|Any CPU
		{B44A0088-82FB-499C-B09F-4C831F959AAD}.Release|Any CPU.ActiveCfg = Release|Any CPU
		{B44A0088-82FB-499C-B09F-4C831F959AAD}.Release|Any CPU.Build.0 = Release|Any CPU
		{B44A0088-82FB-499C-B09F-4C831F959AAD}.Release|Mixed Platforms.ActiveCfg = Release|Any CPU
		{B44A0088-82FB-499C-B09F-4C831F959AAD}.Release|Mixed Platforms.Build.0 = Release|Any CPU
		{B44A0088-82FB-499C-B09F-4C831F959AAD}.Release|x86.ActiveCfg = Release|Any CPU
	EndGlobalSection
	GlobalSection(SolutionProperties) = preSolution
		HideSolutionNode = FALSE
	EndGlobalSection
EndGlobal
